
Microsoft Visual Studio Solution File, Format Version 12.00
# Visual Studio 15
VisualStudioVersion = 15.0.27130.2026
MinimumVisualStudioVersion = 10.0.40219.1
Project("{FAE04EC0-301F-11D3-BF4B-00C04F79EFBC}") = "Sigma_FarmaDAM", "Sigma_FarmaDAM\Sigma_FarmaDAM.csproj", "{63BBEC2A-B19A-4B1C-9CFF-A9B0A26D14C5}"
EndProject
Project("{FAE04EC0-301F-11D3-BF4B-00C04F79EFBC}") = "CustomControls", "CustomControls\CustomControls.csproj", "{9932DF33-7AC1-4E6B-9D19-58BED7D00234}"
EndProject
Project("{FAE04EC0-301F-11D3-BF4B-00C04F79EFBC}") = "Sigma_Controls", "Sigma_Controls\Sigma_Controls.csproj", "{BAFEA927-64A5-4FC5-BCD7-16DF3E7C71E4}"
EndProject
Project("{FAE04EC0-301F-11D3-BF4B-00C04F79EFBC}") = "Mantein", "Mantein\Mantein.csproj", "{951A95B0-6B1F-40D7-A091-29CA118D6756}"
EndProject
Project("{FAE04EC0-301F-11D3-BF4B-00C04F79EFBC}") = "DBUtils", "DBUtils\DBUtils.csproj", "{FCF73ECE-3F7C-4097-8783-93BC4403E0FD}"
EndProject
Project("{FAE04EC0-301F-11D3-BF4B-00C04F79EFBC}") = "Helpers", "Helpers\Helpers.csproj", "{E1ADDEF3-7ED3-4C2B-B454-E637E10A6A35}"
EndProject
Project("{FAE04EC0-301F-11D3-BF4B-00C04F79EFBC}") = "MantenimentPrincipisActius", "frmMantenimentPrincipisActius\MantenimentPrincipisActius.csproj", "{838D017A-04A8-4497-B146-A21ECF79C3F9}"
EndProject
Project("{FAE04EC0-301F-11D3-BF4B-00C04F79EFBC}") = "SearchSystem", "Search_System\SearchSystem\SearchSystem.csproj", "{2D91CBE1-6B63-43A1-BB94-82B5CDA7D42B}"
EndProject
Global
	GlobalSection(SolutionConfigurationPlatforms) = preSolution
		Debug|Any CPU = Debug|Any CPU
		Release|Any CPU = Release|Any CPU
	EndGlobalSection
	GlobalSection(ProjectConfigurationPlatforms) = postSolution
		{63BBEC2A-B19A-4B1C-9CFF-A9B0A26D14C5}.Debug|Any CPU.ActiveCfg = Debug|Any CPU
		{63BBEC2A-B19A-4B1C-9CFF-A9B0A26D14C5}.Debug|Any CPU.Build.0 = Debug|Any CPU
		{63BBEC2A-B19A-4B1C-9CFF-A9B0A26D14C5}.Release|Any CPU.ActiveCfg = Release|Any CPU
		{63BBEC2A-B19A-4B1C-9CFF-A9B0A26D14C5}.Release|Any CPU.Build.0 = Release|Any CPU
		{9932DF33-7AC1-4E6B-9D19-58BED7D00234}.Debug|Any CPU.ActiveCfg = Debug|Any CPU
		{9932DF33-7AC1-4E6B-9D19-58BED7D00234}.Debug|Any CPU.Build.0 = Debug|Any CPU
		{9932DF33-7AC1-4E6B-9D19-58BED7D00234}.Release|Any CPU.ActiveCfg = Release|Any CPU
		{9932DF33-7AC1-4E6B-9D19-58BED7D00234}.Release|Any CPU.Build.0 = Release|Any CPU
		{BAFEA927-64A5-4FC5-BCD7-16DF3E7C71E4}.Debug|Any CPU.ActiveCfg = Debug|Any CPU
		{BAFEA927-64A5-4FC5-BCD7-16DF3E7C71E4}.Debug|Any CPU.Build.0 = Debug|Any CPU
		{BAFEA927-64A5-4FC5-BCD7-16DF3E7C71E4}.Release|Any CPU.ActiveCfg = Release|Any CPU
		{BAFEA927-64A5-4FC5-BCD7-16DF3E7C71E4}.Release|Any CPU.Build.0 = Release|Any CPU
		{951A95B0-6B1F-40D7-A091-29CA118D6756}.Debug|Any CPU.ActiveCfg = Debug|Any CPU
		{951A95B0-6B1F-40D7-A091-29CA118D6756}.Debug|Any CPU.Build.0 = Debug|Any CPU
		{951A95B0-6B1F-40D7-A091-29CA118D6756}.Release|Any CPU.ActiveCfg = Release|Any CPU
		{951A95B0-6B1F-40D7-A091-29CA118D6756}.Release|Any CPU.Build.0 = Release|Any CPU
		{FCF73ECE-3F7C-4097-8783-93BC4403E0FD}.Debug|Any CPU.ActiveCfg = Debug|Any CPU
		{FCF73ECE-3F7C-4097-8783-93BC4403E0FD}.Debug|Any CPU.Build.0 = Debug|Any CPU
		{FCF73ECE-3F7C-4097-8783-93BC4403E0FD}.Release|Any CPU.ActiveCfg = Release|Any CPU
		{FCF73ECE-3F7C-4097-8783-93BC4403E0FD}.Release|Any CPU.Build.0 = Release|Any CPU
		{E1ADDEF3-7ED3-4C2B-B454-E637E10A6A35}.Debug|Any CPU.ActiveCfg = Debug|Any CPU
		{E1ADDEF3-7ED3-4C2B-B454-E637E10A6A35}.Debug|Any CPU.Build.0 = Debug|Any CPU
		{E1ADDEF3-7ED3-4C2B-B454-E637E10A6A35}.Release|Any CPU.ActiveCfg = Release|Any CPU
		{E1ADDEF3-7ED3-4C2B-B454-E637E10A6A35}.Release|Any CPU.Build.0 = Release|Any CPU
		{838D017A-04A8-4497-B146-A21ECF79C3F9}.Debug|Any CPU.ActiveCfg = Debug|Any CPU
		{838D017A-04A8-4497-B146-A21ECF79C3F9}.Debug|Any CPU.Build.0 = Debug|Any CPU
		{838D017A-04A8-4497-B146-A21ECF79C3F9}.Release|Any CPU.ActiveCfg = Release|Any CPU
		{838D017A-04A8-4497-B146-A21ECF79C3F9}.Release|Any CPU.Build.0 = Release|Any CPU
		{2D91CBE1-6B63-43A1-BB94-82B5CDA7D42B}.Debug|Any CPU.ActiveCfg = Debug|Any CPU
		{2D91CBE1-6B63-43A1-BB94-82B5CDA7D42B}.Debug|Any CPU.Build.0 = Debug|Any CPU
		{2D91CBE1-6B63-43A1-BB94-82B5CDA7D42B}.Release|Any CPU.ActiveCfg = Release|Any CPU
		{2D91CBE1-6B63-43A1-BB94-82B5CDA7D42B}.Release|Any CPU.Build.0 = Release|Any CPU
	EndGlobalSection
	GlobalSection(SolutionProperties) = preSolution
		HideSolutionNode = FALSE
	EndGlobalSection
	GlobalSection(ExtensibilityGlobals) = postSolution
		SolutionGuid = {1A77D1D6-6A4B-4E8D-9EA3-025477FBF0BE}
	EndGlobalSection
EndGlobal
